// !$*UTF8*$!
{
	archiveVersion = 1;
	classes = {
	};
	objectVersion = 50;
	objects = {

/* Begin PBXBuildFile section */
		E776452525D1047400CF39D9 /* AppDelegate.swift in Sources */ = {isa = PBXBuildFile; fileRef = E776452425D1047400CF39D9 /* AppDelegate.swift */; };
		E776452825D1047400CF39D9 /* Main.storyboard in Resources */ = {isa = PBXBuildFile; fileRef = E776452625D1047400CF39D9 /* Main.storyboard */; };
		E776452A25D1047400CF39D9 /* ViewController.swift in Sources */ = {isa = PBXBuildFile; fileRef = E776452925D1047400CF39D9 /* ViewController.swift */; };
		E776452C25D1047500CF39D9 /* Assets.xcassets in Resources */ = {isa = PBXBuildFile; fileRef = E776452B25D1047500CF39D9 /* Assets.xcassets */; };
		E776453325D1047500CF39D9 /* Vertical Tabs for Safari Extension.appex in Embed App Extensions */ = {isa = PBXBuildFile; fileRef = E776453225D1047500CF39D9 /* Vertical Tabs for Safari Extension.appex */; settings = {ATTRIBUTES = (RemoveHeadersOnCopy, ); }; };
		E776453825D1047600CF39D9 /* Cocoa.framework in Frameworks */ = {isa = PBXBuildFile; fileRef = E776453725D1047600CF39D9 /* Cocoa.framework */; };
		E776453B25D1047600CF39D9 /* SafariWebExtensionHandler.swift in Sources */ = {isa = PBXBuildFile; fileRef = E776453A25D1047600CF39D9 /* SafariWebExtensionHandler.swift */; };
		E776455A25D1047600CF39D9 /* content.styles.css in Resources */ = {isa = PBXBuildFile; fileRef = E776454825D1047600CF39D9 /* content.styles.css */; };
		E776455B25D1047600CF39D9 /* iframe-background.gif in Resources */ = {isa = PBXBuildFile; fileRef = E776454925D1047600CF39D9 /* iframe-background.gif */; };
		E776455C25D1047600CF39D9 /* contentScript.bundle.js in Resources */ = {isa = PBXBuildFile; fileRef = E776454A25D1047600CF39D9 /* contentScript.bundle.js */; };
		E776455D25D1047600CF39D9 /* background.bundle.js in Resources */ = {isa = PBXBuildFile; fileRef = E776454B25D1047600CF39D9 /* background.bundle.js */; };
		E776455E25D1047600CF39D9 /* icon-1024.png in Resources */ = {isa = PBXBuildFile; fileRef = E776454C25D1047600CF39D9 /* icon-1024.png */; };
		E776455F25D1047600CF39D9 /* sidebar.bundle.js in Resources */ = {isa = PBXBuildFile; fileRef = E776454D25D1047600CF39D9 /* sidebar.bundle.js */; };
		E776456025D1047600CF39D9 /* icon-1024-eye.png in Resources */ = {isa = PBXBuildFile; fileRef = E776454E25D1047600CF39D9 /* icon-1024-eye.png */; };
		E776456125D1047600CF39D9 /* github-favicon.png in Resources */ = {isa = PBXBuildFile; fileRef = E776454F25D1047600CF39D9 /* github-favicon.png */; };
		E776456225D1047600CF39D9 /* icon-512-eye.png in Resources */ = {isa = PBXBuildFile; fileRef = E776455025D1047600CF39D9 /* icon-512-eye.png */; };
		E776456325D1047600CF39D9 /* options.bundle.js in Resources */ = {isa = PBXBuildFile; fileRef = E776455125D1047600CF39D9 /* options.bundle.js */; };
		E776456425D1047600CF39D9 /* manifest.json in Resources */ = {isa = PBXBuildFile; fileRef = E776455225D1047600CF39D9 /* manifest.json */; };
		E776456525D1047600CF39D9 /* options.html in Resources */ = {isa = PBXBuildFile; fileRef = E776455325D1047600CF39D9 /* options.html */; };
		E776456625D1047600CF39D9 /* background.html in Resources */ = {isa = PBXBuildFile; fileRef = E776455425D1047600CF39D9 /* background.html */; };
		E776456725D1047600CF39D9 /* icon-34.png in Resources */ = {isa = PBXBuildFile; fileRef = E776455525D1047600CF39D9 /* icon-34.png */; };
		E776456825D1047600CF39D9 /* icon-128-eye.png in Resources */ = {isa = PBXBuildFile; fileRef = E776455625D1047600CF39D9 /* icon-128-eye.png */; };
		E776456925D1047600CF39D9 /* sidebar.html in Resources */ = {isa = PBXBuildFile; fileRef = E776455725D1047600CF39D9 /* sidebar.html */; };
		E776456A25D1047600CF39D9 /* icon-128.png in Resources */ = {isa = PBXBuildFile; fileRef = E776455825D1047600CF39D9 /* icon-128.png */; };
		E776456B25D1047600CF39D9 /* icon-512.png in Resources */ = {isa = PBXBuildFile; fileRef = E776455925D1047600CF39D9 /* icon-512.png */; };
/* End PBXBuildFile section */

/* Begin PBXContainerItemProxy section */
		E776453425D1047600CF39D9 /* PBXContainerItemProxy */ = {
			isa = PBXContainerItemProxy;
			containerPortal = E776451825D1047400CF39D9 /* Project object */;
			proxyType = 1;
			remoteGlobalIDString = E776453125D1047500CF39D9;
			remoteInfo = "Vertical Tabs for Safari Extension";
		};
/* End PBXContainerItemProxy section */

/* Begin PBXCopyFilesBuildPhase section */
		E776454325D1047600CF39D9 /* Embed App Extensions */ = {
			isa = PBXCopyFilesBuildPhase;
			buildActionMask = 2147483647;
			dstPath = "";
			dstSubfolderSpec = 13;
			files = (
				E776453325D1047500CF39D9 /* Vertical Tabs for Safari Extension.appex in Embed App Extensions */,
			);
			name = "Embed App Extensions";
			runOnlyForDeploymentPostprocessing = 0;
		};
/* End PBXCopyFilesBuildPhase section */

/* Begin PBXFileReference section */
		E776452025D1047400CF39D9 /* Vertical Tabs for Safari.app */ = {isa = PBXFileReference; explicitFileType = wrapper.application; includeInIndex = 0; path = "Vertical Tabs for Safari.app"; sourceTree = BUILT_PRODUCTS_DIR; };
		E776452325D1047400CF39D9 /* Vertical_Tabs_for_Safari.entitlements */ = {isa = PBXFileReference; lastKnownFileType = text.plist.entitlements; path = Vertical_Tabs_for_Safari.entitlements; sourceTree = "<group>"; };
		E776452425D1047400CF39D9 /* AppDelegate.swift */ = {isa = PBXFileReference; lastKnownFileType = sourcecode.swift; path = AppDelegate.swift; sourceTree = "<group>"; };
		E776452725D1047400CF39D9 /* Base */ = {isa = PBXFileReference; lastKnownFileType = file.storyboard; name = Base; path = Base.lproj/Main.storyboard; sourceTree = "<group>"; };
		E776452925D1047400CF39D9 /* ViewController.swift */ = {isa = PBXFileReference; lastKnownFileType = sourcecode.swift; path = ViewController.swift; sourceTree = "<group>"; };
		E776452B25D1047500CF39D9 /* Assets.xcassets */ = {isa = PBXFileReference; lastKnownFileType = folder.assetcatalog; path = Assets.xcassets; sourceTree = "<group>"; };
		E776452D25D1047500CF39D9 /* Info.plist */ = {isa = PBXFileReference; lastKnownFileType = text.plist.xml; path = Info.plist; sourceTree = "<group>"; };
		E776453225D1047500CF39D9 /* Vertical Tabs for Safari Extension.appex */ = {isa = PBXFileReference; explicitFileType = "wrapper.app-extension"; includeInIndex = 0; path = "Vertical Tabs for Safari Extension.appex"; sourceTree = BUILT_PRODUCTS_DIR; };
		E776453725D1047600CF39D9 /* Cocoa.framework */ = {isa = PBXFileReference; lastKnownFileType = wrapper.framework; name = Cocoa.framework; path = System/Library/Frameworks/Cocoa.framework; sourceTree = SDKROOT; };
		E776453A25D1047600CF39D9 /* SafariWebExtensionHandler.swift */ = {isa = PBXFileReference; lastKnownFileType = sourcecode.swift; path = SafariWebExtensionHandler.swift; sourceTree = "<group>"; };
		E776453C25D1047600CF39D9 /* Info.plist */ = {isa = PBXFileReference; lastKnownFileType = text.plist.xml; path = Info.plist; sourceTree = "<group>"; };
		E776453D25D1047600CF39D9 /* Vertical_Tabs_for_Safari_Extension.entitlements */ = {isa = PBXFileReference; lastKnownFileType = text.plist.entitlements; path = Vertical_Tabs_for_Safari_Extension.entitlements; sourceTree = "<group>"; };
		E776454825D1047600CF39D9 /* content.styles.css */ = {isa = PBXFileReference; lastKnownFileType = text.css; name = content.styles.css; path = ../../build/content.styles.css; sourceTree = "<group>"; };
		E776454925D1047600CF39D9 /* iframe-background.gif */ = {isa = PBXFileReference; lastKnownFileType = image.gif; name = "iframe-background.gif"; path = "../../build/iframe-background.gif"; sourceTree = "<group>"; };
		E776454A25D1047600CF39D9 /* contentScript.bundle.js */ = {isa = PBXFileReference; lastKnownFileType = sourcecode.javascript; name = contentScript.bundle.js; path = ../../build/contentScript.bundle.js; sourceTree = "<group>"; };
		E776454B25D1047600CF39D9 /* background.bundle.js */ = {isa = PBXFileReference; lastKnownFileType = sourcecode.javascript; name = background.bundle.js; path = ../../build/background.bundle.js; sourceTree = "<group>"; };
		E776454C25D1047600CF39D9 /* icon-1024.png */ = {isa = PBXFileReference; lastKnownFileType = image.png; name = "icon-1024.png"; path = "../../build/icon-1024.png"; sourceTree = "<group>"; };
		E776454D25D1047600CF39D9 /* sidebar.bundle.js */ = {isa = PBXFileReference; lastKnownFileType = sourcecode.javascript; name = sidebar.bundle.js; path = ../../build/sidebar.bundle.js; sourceTree = "<group>"; };
		E776454E25D1047600CF39D9 /* icon-1024-eye.png */ = {isa = PBXFileReference; lastKnownFileType = image.png; name = "icon-1024-eye.png"; path = "../../build/icon-1024-eye.png"; sourceTree = "<group>"; };
		E776454F25D1047600CF39D9 /* github-favicon.png */ = {isa = PBXFileReference; lastKnownFileType = image.png; name = "github-favicon.png"; path = "../../build/github-favicon.png"; sourceTree = "<group>"; };
		E776455025D1047600CF39D9 /* icon-512-eye.png */ = {isa = PBXFileReference; lastKnownFileType = image.png; name = "icon-512-eye.png"; path = "../../build/icon-512-eye.png"; sourceTree = "<group>"; };
		E776455125D1047600CF39D9 /* options.bundle.js */ = {isa = PBXFileReference; lastKnownFileType = sourcecode.javascript; name = options.bundle.js; path = ../../build/options.bundle.js; sourceTree = "<group>"; };
		E776455225D1047600CF39D9 /* manifest.json */ = {isa = PBXFileReference; lastKnownFileType = text.json; name = manifest.json; path = ../../build/manifest.json; sourceTree = "<group>"; };
		E776455325D1047600CF39D9 /* options.html */ = {isa = PBXFileReference; lastKnownFileType = text.html; name = options.html; path = ../../build/options.html; sourceTree = "<group>"; };
		E776455425D1047600CF39D9 /* background.html */ = {isa = PBXFileReference; lastKnownFileType = text.html; name = background.html; path = ../../build/background.html; sourceTree = "<group>"; };
		E776455525D1047600CF39D9 /* icon-34.png */ = {isa = PBXFileReference; lastKnownFileType = image.png; name = "icon-34.png"; path = "../../build/icon-34.png"; sourceTree = "<group>"; };
		E776455625D1047600CF39D9 /* icon-128-eye.png */ = {isa = PBXFileReference; lastKnownFileType = image.png; name = "icon-128-eye.png"; path = "../../build/icon-128-eye.png"; sourceTree = "<group>"; };
		E776455725D1047600CF39D9 /* sidebar.html */ = {isa = PBXFileReference; lastKnownFileType = text.html; name = sidebar.html; path = ../../build/sidebar.html; sourceTree = "<group>"; };
		E776455825D1047600CF39D9 /* icon-128.png */ = {isa = PBXFileReference; lastKnownFileType = image.png; name = "icon-128.png"; path = "../../build/icon-128.png"; sourceTree = "<group>"; };
		E776455925D1047600CF39D9 /* icon-512.png */ = {isa = PBXFileReference; lastKnownFileType = image.png; name = "icon-512.png"; path = "../../build/icon-512.png"; sourceTree = "<group>"; };
/* End PBXFileReference section */

/* Begin PBXFrameworksBuildPhase section */
		E776451D25D1047400CF39D9 /* Frameworks */ = {
			isa = PBXFrameworksBuildPhase;
			buildActionMask = 2147483647;
			files = (
			);
			runOnlyForDeploymentPostprocessing = 0;
		};
		E776452F25D1047500CF39D9 /* Frameworks */ = {
			isa = PBXFrameworksBuildPhase;
			buildActionMask = 2147483647;
			files = (
				E776453825D1047600CF39D9 /* Cocoa.framework in Frameworks */,
			);
			runOnlyForDeploymentPostprocessing = 0;
		};
/* End PBXFrameworksBuildPhase section */

/* Begin PBXGroup section */
		E776451725D1047400CF39D9 = {
			isa = PBXGroup;
			children = (
				E776452225D1047400CF39D9 /* Vertical Tabs for Safari */,
				E776453925D1047600CF39D9 /* Vertical Tabs for Safari Extension */,
				E776453625D1047600CF39D9 /* Frameworks */,
				E776452125D1047400CF39D9 /* Products */,
			);
			sourceTree = "<group>";
		};
		E776452125D1047400CF39D9 /* Products */ = {
			isa = PBXGroup;
			children = (
				E776452025D1047400CF39D9 /* Vertical Tabs for Safari.app */,
				E776453225D1047500CF39D9 /* Vertical Tabs for Safari Extension.appex */,
			);
			name = Products;
			sourceTree = "<group>";
		};
		E776452225D1047400CF39D9 /* Vertical Tabs for Safari */ = {
			isa = PBXGroup;
			children = (
				E776452325D1047400CF39D9 /* Vertical_Tabs_for_Safari.entitlements */,
				E776452425D1047400CF39D9 /* AppDelegate.swift */,
				E776452625D1047400CF39D9 /* Main.storyboard */,
				E776452925D1047400CF39D9 /* ViewController.swift */,
				E776452B25D1047500CF39D9 /* Assets.xcassets */,
				E776452D25D1047500CF39D9 /* Info.plist */,
			);
			path = "Vertical Tabs for Safari";
			sourceTree = "<group>";
		};
		E776453625D1047600CF39D9 /* Frameworks */ = {
			isa = PBXGroup;
			children = (
				E776453725D1047600CF39D9 /* Cocoa.framework */,
			);
			name = Frameworks;
			sourceTree = "<group>";
		};
		E776453925D1047600CF39D9 /* Vertical Tabs for Safari Extension */ = {
			isa = PBXGroup;
			children = (
				E776454725D1047600CF39D9 /* Resources */,
				E776453A25D1047600CF39D9 /* SafariWebExtensionHandler.swift */,
				E776453C25D1047600CF39D9 /* Info.plist */,
				E776453D25D1047600CF39D9 /* Vertical_Tabs_for_Safari_Extension.entitlements */,
			);
			path = "Vertical Tabs for Safari Extension";
			sourceTree = "<group>";
		};
		E776454725D1047600CF39D9 /* Resources */ = {
			isa = PBXGroup;
			children = (
				E776454825D1047600CF39D9 /* content.styles.css */,
				E776454925D1047600CF39D9 /* iframe-background.gif */,
				E776454A25D1047600CF39D9 /* contentScript.bundle.js */,
				E776454B25D1047600CF39D9 /* background.bundle.js */,
				E776454C25D1047600CF39D9 /* icon-1024.png */,
				E776454D25D1047600CF39D9 /* sidebar.bundle.js */,
				E776454E25D1047600CF39D9 /* icon-1024-eye.png */,
				E776454F25D1047600CF39D9 /* github-favicon.png */,
				E776455025D1047600CF39D9 /* icon-512-eye.png */,
				E776455125D1047600CF39D9 /* options.bundle.js */,
				E776455225D1047600CF39D9 /* manifest.json */,
				E776455325D1047600CF39D9 /* options.html */,
				E776455425D1047600CF39D9 /* background.html */,
				E776455525D1047600CF39D9 /* icon-34.png */,
				E776455625D1047600CF39D9 /* icon-128-eye.png */,
				E776455725D1047600CF39D9 /* sidebar.html */,
				E776455825D1047600CF39D9 /* icon-128.png */,
				E776455925D1047600CF39D9 /* icon-512.png */,
			);
			name = Resources;
			path = "Vertical Tabs for Safari Extension";
			sourceTree = SOURCE_ROOT;
		};
/* End PBXGroup section */

/* Begin PBXNativeTarget section */
		E776451F25D1047400CF39D9 /* Vertical Tabs for Safari */ = {
			isa = PBXNativeTarget;
			buildConfigurationList = E776454425D1047600CF39D9 /* Build configuration list for PBXNativeTarget "Vertical Tabs for Safari" */;
			buildPhases = (
				E776451C25D1047400CF39D9 /* Sources */,
				E776451D25D1047400CF39D9 /* Frameworks */,
				E776451E25D1047400CF39D9 /* Resources */,
				E776454325D1047600CF39D9 /* Embed App Extensions */,
			);
			buildRules = (
			);
			dependencies = (
				E776453525D1047600CF39D9 /* PBXTargetDependency */,
			);
			name = "Vertical Tabs for Safari";
			productName = "Vertical Tabs for Safari";
			productReference = E776452025D1047400CF39D9 /* Vertical Tabs for Safari.app */;
			productType = "com.apple.product-type.application";
		};
		E776453125D1047500CF39D9 /* Vertical Tabs for Safari Extension */ = {
			isa = PBXNativeTarget;
			buildConfigurationList = E776454025D1047600CF39D9 /* Build configuration list for PBXNativeTarget "Vertical Tabs for Safari Extension" */;
			buildPhases = (
				E776452E25D1047500CF39D9 /* Sources */,
				E776452F25D1047500CF39D9 /* Frameworks */,
				E776453025D1047500CF39D9 /* Resources */,
			);
			buildRules = (
			);
			dependencies = (
			);
			name = "Vertical Tabs for Safari Extension";
			productName = "Vertical Tabs for Safari Extension";
			productReference = E776453225D1047500CF39D9 /* Vertical Tabs for Safari Extension.appex */;
			productType = "com.apple.product-type.app-extension";
		};
/* End PBXNativeTarget section */

/* Begin PBXProject section */
		E776451825D1047400CF39D9 /* Project object */ = {
			isa = PBXProject;
			attributes = {
				LastSwiftUpdateCheck = 1240;
				LastUpgradeCheck = 1240;
				TargetAttributes = {
					E776451F25D1047400CF39D9 = {
						CreatedOnToolsVersion = 12.4;
					};
					E776453125D1047500CF39D9 = {
						CreatedOnToolsVersion = 12.4;
					};
				};
			};
			buildConfigurationList = E776451B25D1047400CF39D9 /* Build configuration list for PBXProject "Vertical Tabs for Safari" */;
			compatibilityVersion = "Xcode 9.3";
			developmentRegion = en;
			hasScannedForEncodings = 0;
			knownRegions = (
				en,
				Base,
			);
			mainGroup = E776451725D1047400CF39D9;
			productRefGroup = E776452125D1047400CF39D9 /* Products */;
			projectDirPath = "";
			projectRoot = "";
			targets = (
				E776451F25D1047400CF39D9 /* Vertical Tabs for Safari */,
				E776453125D1047500CF39D9 /* Vertical Tabs for Safari Extension */,
			);
		};
/* End PBXProject section */

/* Begin PBXResourcesBuildPhase section */
		E776451E25D1047400CF39D9 /* Resources */ = {
			isa = PBXResourcesBuildPhase;
			buildActionMask = 2147483647;
			files = (
				E776452C25D1047500CF39D9 /* Assets.xcassets in Resources */,
				E776452825D1047400CF39D9 /* Main.storyboard in Resources */,
			);
			runOnlyForDeploymentPostprocessing = 0;
		};
		E776453025D1047500CF39D9 /* Resources */ = {
			isa = PBXResourcesBuildPhase;
			buildActionMask = 2147483647;
			files = (
				E776456825D1047600CF39D9 /* icon-128-eye.png in Resources */,
				E776456A25D1047600CF39D9 /* icon-128.png in Resources */,
				E776456025D1047600CF39D9 /* icon-1024-eye.png in Resources */,
				E776456225D1047600CF39D9 /* icon-512-eye.png in Resources */,
				E776455C25D1047600CF39D9 /* contentScript.bundle.js in Resources */,
				E776456725D1047600CF39D9 /* icon-34.png in Resources */,
				E776455B25D1047600CF39D9 /* iframe-background.gif in Resources */,
				E776456325D1047600CF39D9 /* options.bundle.js in Resources */,
				E776456425D1047600CF39D9 /* manifest.json in Resources */,
				E776456125D1047600CF39D9 /* github-favicon.png in Resources */,
				E776456925D1047600CF39D9 /* sidebar.html in Resources */,
				E776456B25D1047600CF39D9 /* icon-512.png in Resources */,
				E776455E25D1047600CF39D9 /* icon-1024.png in Resources */,
				E776455A25D1047600CF39D9 /* content.styles.css in Resources */,
				E776455F25D1047600CF39D9 /* sidebar.bundle.js in Resources */,
				E776455D25D1047600CF39D9 /* background.bundle.js in Resources */,
				E776456525D1047600CF39D9 /* options.html in Resources */,
				E776456625D1047600CF39D9 /* background.html in Resources */,
			);
			runOnlyForDeploymentPostprocessing = 0;
		};
/* End PBXResourcesBuildPhase section */

/* Begin PBXSourcesBuildPhase section */
		E776451C25D1047400CF39D9 /* Sources */ = {
			isa = PBXSourcesBuildPhase;
			buildActionMask = 2147483647;
			files = (
				E776452A25D1047400CF39D9 /* ViewController.swift in Sources */,
				E776452525D1047400CF39D9 /* AppDelegate.swift in Sources */,
			);
			runOnlyForDeploymentPostprocessing = 0;
		};
		E776452E25D1047500CF39D9 /* Sources */ = {
			isa = PBXSourcesBuildPhase;
			buildActionMask = 2147483647;
			files = (
				E776453B25D1047600CF39D9 /* SafariWebExtensionHandler.swift in Sources */,
			);
			runOnlyForDeploymentPostprocessing = 0;
		};
/* End PBXSourcesBuildPhase section */

/* Begin PBXTargetDependency section */
		E776453525D1047600CF39D9 /* PBXTargetDependency */ = {
			isa = PBXTargetDependency;
			target = E776453125D1047500CF39D9 /* Vertical Tabs for Safari Extension */;
			targetProxy = E776453425D1047600CF39D9 /* PBXContainerItemProxy */;
		};
/* End PBXTargetDependency section */

/* Begin PBXVariantGroup section */
		E776452625D1047400CF39D9 /* Main.storyboard */ = {
			isa = PBXVariantGroup;
			children = (
				E776452725D1047400CF39D9 /* Base */,
			);
			name = Main.storyboard;
			sourceTree = "<group>";
		};
/* End PBXVariantGroup section */

/* Begin XCBuildConfiguration section */
		E776453E25D1047600CF39D9 /* Debug */ = {
			isa = XCBuildConfiguration;
			buildSettings = {
				ALWAYS_SEARCH_USER_PATHS = NO;
				CLANG_ANALYZER_NONNULL = YES;
				CLANG_ANALYZER_NUMBER_OBJECT_CONVERSION = YES_AGGRESSIVE;
				CLANG_CXX_LANGUAGE_STANDARD = "gnu++14";
				CLANG_CXX_LIBRARY = "libc++";
				CLANG_ENABLE_MODULES = YES;
				CLANG_ENABLE_OBJC_ARC = YES;
				CLANG_ENABLE_OBJC_WEAK = YES;
				CLANG_WARN_BLOCK_CAPTURE_AUTORELEASING = YES;
				CLANG_WARN_BOOL_CONVERSION = YES;
				CLANG_WARN_COMMA = YES;
				CLANG_WARN_CONSTANT_CONVERSION = YES;
				CLANG_WARN_DEPRECATED_OBJC_IMPLEMENTATIONS = YES;
				CLANG_WARN_DIRECT_OBJC_ISA_USAGE = YES_ERROR;
				CLANG_WARN_DOCUMENTATION_COMMENTS = YES;
				CLANG_WARN_EMPTY_BODY = YES;
				CLANG_WARN_ENUM_CONVERSION = YES;
				CLANG_WARN_INFINITE_RECURSION = YES;
				CLANG_WARN_INT_CONVERSION = YES;
				CLANG_WARN_NON_LITERAL_NULL_CONVERSION = YES;
				CLANG_WARN_OBJC_IMPLICIT_RETAIN_SELF = YES;
				CLANG_WARN_OBJC_LITERAL_CONVERSION = YES;
				CLANG_WARN_OBJC_ROOT_CLASS = YES_ERROR;
				CLANG_WARN_QUOTED_INCLUDE_IN_FRAMEWORK_HEADER = YES;
				CLANG_WARN_RANGE_LOOP_ANALYSIS = YES;
				CLANG_WARN_STRICT_PROTOTYPES = YES;
				CLANG_WARN_SUSPICIOUS_MOVE = YES;
				CLANG_WARN_UNGUARDED_AVAILABILITY = YES_AGGRESSIVE;
				CLANG_WARN_UNREACHABLE_CODE = YES;
				CLANG_WARN__DUPLICATE_METHOD_MATCH = YES;
				COPY_PHASE_STRIP = NO;
				DEBUG_INFORMATION_FORMAT = dwarf;
				ENABLE_STRICT_OBJC_MSGSEND = YES;
				ENABLE_TESTABILITY = YES;
				GCC_C_LANGUAGE_STANDARD = gnu11;
				GCC_DYNAMIC_NO_PIC = NO;
				GCC_NO_COMMON_BLOCKS = YES;
				GCC_OPTIMIZATION_LEVEL = 0;
				GCC_PREPROCESSOR_DEFINITIONS = (
					"DEBUG=1",
					"$(inherited)",
				);
				GCC_WARN_64_TO_32_BIT_CONVERSION = YES;
				GCC_WARN_ABOUT_RETURN_TYPE = YES_ERROR;
				GCC_WARN_UNDECLARED_SELECTOR = YES;
				GCC_WARN_UNINITIALIZED_AUTOS = YES_AGGRESSIVE;
				GCC_WARN_UNUSED_FUNCTION = YES;
				GCC_WARN_UNUSED_VARIABLE = YES;
				MACOSX_DEPLOYMENT_TARGET = 11.1;
				MTL_ENABLE_DEBUG_INFO = INCLUDE_SOURCE;
				MTL_FAST_MATH = YES;
				ONLY_ACTIVE_ARCH = YES;
				SDKROOT = macosx;
				SWIFT_ACTIVE_COMPILATION_CONDITIONS = DEBUG;
				SWIFT_OPTIMIZATION_LEVEL = "-Onone";
			};
			name = Debug;
		};
		E776453F25D1047600CF39D9 /* Release */ = {
			isa = XCBuildConfiguration;
			buildSettings = {
				ALWAYS_SEARCH_USER_PATHS = NO;
				CLANG_ANALYZER_NONNULL = YES;
				CLANG_ANALYZER_NUMBER_OBJECT_CONVERSION = YES_AGGRESSIVE;
				CLANG_CXX_LANGUAGE_STANDARD = "gnu++14";
				CLANG_CXX_LIBRARY = "libc++";
				CLANG_ENABLE_MODULES = YES;
				CLANG_ENABLE_OBJC_ARC = YES;
				CLANG_ENABLE_OBJC_WEAK = YES;
				CLANG_WARN_BLOCK_CAPTURE_AUTORELEASING = YES;
				CLANG_WARN_BOOL_CONVERSION = YES;
				CLANG_WARN_COMMA = YES;
				CLANG_WARN_CONSTANT_CONVERSION = YES;
				CLANG_WARN_DEPRECATED_OBJC_IMPLEMENTATIONS = YES;
				CLANG_WARN_DIRECT_OBJC_ISA_USAGE = YES_ERROR;
				CLANG_WARN_DOCUMENTATION_COMMENTS = YES;
				CLANG_WARN_EMPTY_BODY = YES;
				CLANG_WARN_ENUM_CONVERSION = YES;
				CLANG_WARN_INFINITE_RECURSION = YES;
				CLANG_WARN_INT_CONVERSION = YES;
				CLANG_WARN_NON_LITERAL_NULL_CONVERSION = YES;
				CLANG_WARN_OBJC_IMPLICIT_RETAIN_SELF = YES;
				CLANG_WARN_OBJC_LITERAL_CONVERSION = YES;
				CLANG_WARN_OBJC_ROOT_CLASS = YES_ERROR;
				CLANG_WARN_QUOTED_INCLUDE_IN_FRAMEWORK_HEADER = YES;
				CLANG_WARN_RANGE_LOOP_ANALYSIS = YES;
				CLANG_WARN_STRICT_PROTOTYPES = YES;
				CLANG_WARN_SUSPICIOUS_MOVE = YES;
				CLANG_WARN_UNGUARDED_AVAILABILITY = YES_AGGRESSIVE;
				CLANG_WARN_UNREACHABLE_CODE = YES;
				CLANG_WARN__DUPLICATE_METHOD_MATCH = YES;
				COPY_PHASE_STRIP = NO;
				DEBUG_INFORMATION_FORMAT = "dwarf-with-dsym";
				ENABLE_NS_ASSERTIONS = NO;
				ENABLE_STRICT_OBJC_MSGSEND = YES;
				GCC_C_LANGUAGE_STANDARD = gnu11;
				GCC_NO_COMMON_BLOCKS = YES;
				GCC_WARN_64_TO_32_BIT_CONVERSION = YES;
				GCC_WARN_ABOUT_RETURN_TYPE = YES_ERROR;
				GCC_WARN_UNDECLARED_SELECTOR = YES;
				GCC_WARN_UNINITIALIZED_AUTOS = YES_AGGRESSIVE;
				GCC_WARN_UNUSED_FUNCTION = YES;
				GCC_WARN_UNUSED_VARIABLE = YES;
				MACOSX_DEPLOYMENT_TARGET = 11.1;
				MTL_ENABLE_DEBUG_INFO = NO;
				MTL_FAST_MATH = YES;
				SDKROOT = macosx;
				SWIFT_COMPILATION_MODE = wholemodule;
				SWIFT_OPTIMIZATION_LEVEL = "-O";
			};
			name = Release;
		};
		E776454125D1047600CF39D9 /* Debug */ = {
			isa = XCBuildConfiguration;
			buildSettings = {
				CODE_SIGN_ENTITLEMENTS = "Vertical Tabs for Safari Extension/Vertical_Tabs_for_Safari_Extension.entitlements";
				CODE_SIGN_STYLE = Automatic;
				DEVELOPMENT_TEAM = X6BK42MX95;
				INFOPLIST_FILE = "Vertical Tabs for Safari Extension/Info.plist";
				LD_RUNPATH_SEARCH_PATHS = (
					"$(inherited)",
					"@executable_path/../Frameworks",
					"@executable_path/../../../../Frameworks",
				);
				MACOSX_DEPLOYMENT_TARGET = 10.14;
				MARKETING_VERSION = 1.0.2;
				PRODUCT_BUNDLE_IDENTIFIER = "com.wangfenjin.Vertical-Tabs-for-Safari.Extension";
				PRODUCT_NAME = "$(TARGET_NAME)";
				SKIP_INSTALL = YES;
				SWIFT_VERSION = 5.0;
			};
			name = Debug;
		};
		E776454225D1047600CF39D9 /* Release */ = {
			isa = XCBuildConfiguration;
			buildSettings = {
				CODE_SIGN_ENTITLEMENTS = "Vertical Tabs for Safari Extension/Vertical_Tabs_for_Safari_Extension.entitlements";
				CODE_SIGN_STYLE = Automatic;
				DEVELOPMENT_TEAM = X6BK42MX95;
				INFOPLIST_FILE = "Vertical Tabs for Safari Extension/Info.plist";
				LD_RUNPATH_SEARCH_PATHS = (
					"$(inherited)",
					"@executable_path/../Frameworks",
					"@executable_path/../../../../Frameworks",
				);
				MACOSX_DEPLOYMENT_TARGET = 10.14;
				MARKETING_VERSION = 1.0.2;
				PRODUCT_BUNDLE_IDENTIFIER = "com.wangfenjin.Vertical-Tabs-for-Safari.Extension";
				PRODUCT_NAME = "$(TARGET_NAME)";
				SKIP_INSTALL = YES;
				SWIFT_VERSION = 5.0;
			};
			name = Release;
		};
		E776454525D1047600CF39D9 /* Debug */ = {
			isa = XCBuildConfiguration;
			buildSettings = {
				ALWAYS_EMBED_SWIFT_STANDARD_LIBRARIES = YES;
				ASSETCATALOG_COMPILER_APPICON_NAME = AppIcon;
				ASSETCATALOG_COMPILER_GLOBAL_ACCENT_COLOR_NAME = AccentColor;
				CODE_SIGN_ENTITLEMENTS = "Vertical Tabs for Safari/Vertical_Tabs_for_Safari.entitlements";
				CODE_SIGN_STYLE = Automatic;
				COMBINE_HIDPI_IMAGES = YES;
				DEVELOPMENT_TEAM = X6BK42MX95;
				INFOPLIST_FILE = "Vertical Tabs for Safari/Info.plist";
				LD_RUNPATH_SEARCH_PATHS = (
					"$(inherited)",
					"@executable_path/../Frameworks",
				);
				MACOSX_DEPLOYMENT_TARGET = 10.14;
				MARKETING_VERSION = 1.0.2;
				PRODUCT_BUNDLE_IDENTIFIER = "com.wangfenjin.Vertical-Tabs-for-Safari";
				PRODUCT_NAME = "$(TARGET_NAME)";
				SWIFT_VERSION = 5.0;
			};
			name = Debug;
		};
		E776454625D1047600CF39D9 /* Release */ = {
			isa = XCBuildConfiguration;
			buildSettings = {
				ALWAYS_EMBED_SWIFT_STANDARD_LIBRARIES = YES;
				ASSETCATALOG_COMPILER_APPICON_NAME = AppIcon;
				ASSETCATALOG_COMPILER_GLOBAL_ACCENT_COLOR_NAME = AccentColor;
				CODE_SIGN_ENTITLEMENTS = "Vertical Tabs for Safari/Vertical_Tabs_for_Safari.entitlements";
				CODE_SIGN_STYLE = Automatic;
				COMBINE_HIDPI_IMAGES = YES;
				DEVELOPMENT_TEAM = X6BK42MX95;
				INFOPLIST_FILE = "Vertical Tabs for Safari/Info.plist";
				LD_RUNPATH_SEARCH_PATHS = (
					"$(inherited)",
					"@executable_path/../Frameworks",
				);
				MACOSX_DEPLOYMENT_TARGET = 10.14;
				MARKETING_VERSION = 1.0.2;
				PRODUCT_BUNDLE_IDENTIFIER = "com.wangfenjin.Vertical-Tabs-for-Safari";
				PRODUCT_NAME = "$(TARGET_NAME)";
				SWIFT_VERSION = 5.0;
			};
			name = Release;
		};
/* End XCBuildConfiguration section */

/* Begin XCConfigurationList section */
		E776451B25D1047400CF39D9 /* Build configuration list for PBXProject "Vertical Tabs for Safari" */ = {
			isa = XCConfigurationList;
			buildConfigurations = (
				E776453E25D1047600CF39D9 /* Debug */,
				E776453F25D1047600CF39D9 /* Release */,
			);
			defaultConfigurationIsVisible = 0;
			defaultConfigurationName = Release;
		};
		E776454025D1047600CF39D9 /* Build configuration list for PBXNativeTarget "Vertical Tabs for Safari Extension" */ = {
			isa = XCConfigurationList;
			buildConfigurations = (
				E776454125D1047600CF39D9 /* Debug */,
				E776454225D1047600CF39D9 /* Release */,
			);
			defaultConfigurationIsVisible = 0;
			defaultConfigurationName = Release;
		};
		E776454425D1047600CF39D9 /* Build configuration list for PBXNativeTarget "Vertical Tabs for Safari" */ = {
			isa = XCConfigurationList;
			buildConfigurations = (
				E776454525D1047600CF39D9 /* Debug */,
				E776454625D1047600CF39D9 /* Release */,
			);
			defaultConfigurationIsVisible = 0;
			defaultConfigurationName = Release;
		};
/* End XCConfigurationList section */
	};
	rootObject = E776451825D1047400CF39D9 /* Project object */;
}
